
Microsoft Visual Studio Solution File, Format Version 12.00
# Visual Studio Version 17
VisualStudioVersion = 17.2.32630.192
MinimumVisualStudioVersion = 10.0.40219.1
Project("{FAE04EC0-301F-11D3-BF4B-00C04F79EFBC}") = "GrainBroker.API", "GrainBroker.API\GrainBroker.API\GrainBroker.API.csproj", "{8A245AA6-41BB-1511-A900-4D0AF2AF1779}"
EndProject
Project("{FAE04EC0-301F-11D3-BF4B-00C04F79EFBC}") = "GrainBroker.Entities", "GrainBroker.Entities\GrainBroker.Entities.csproj", "{B85063E8-0175-4D7D-9BC3-D46FA0BC116D}"
EndProject
Project("{FAE04EC0-301F-11D3-BF4B-00C04F79EFBC}") = "GrainBroker.Frontend", "GrainBroker.Frontend\GrainBroker.Frontend.csproj", "{1E335EFE-D66D-44A9-B110-2AC5B98CFC1C}"
EndProject
Project("{FAE04EC0-301F-11D3-BF4B-00C04F79EFBC}") = "GrainBroker.Services", "GrainBroker.Services\GrainBroker.Services.csproj", "{6FD6BCFF-E54C-438A-9FBE-1FCFA354F56E}"
EndProject
Global
	GlobalSection(SolutionConfigurationPlatforms) = preSolution
		Debug|Any CPU = Debug|Any CPU
		Release|Any CPU = Release|Any CPU
	EndGlobalSection
	GlobalSection(ProjectConfigurationPlatforms) = postSolution
		{8A245AA6-41BB-1511-A900-4D0AF2AF1779}.Debug|Any CPU.ActiveCfg = Debug|Any CPU
		{8A245AA6-41BB-1511-A900-4D0AF2AF1779}.Debug|Any CPU.Build.0 = Debug|Any CPU
		{8A245AA6-41BB-1511-A900-4D0AF2AF1779}.Release|Any CPU.ActiveCfg = Release|Any CPU
		{8A245AA6-41BB-1511-A900-4D0AF2AF1779}.Release|Any CPU.Build.0 = Release|Any CPU
		{B85063E8-0175-4D7D-9BC3-D46FA0BC116D}.Debug|Any CPU.ActiveCfg = Debug|Any CPU
		{B85063E8-0175-4D7D-9BC3-D46FA0BC116D}.Debug|Any CPU.Build.0 = Debug|Any CPU
		{B85063E8-0175-4D7D-9BC3-D46FA0BC116D}.Release|Any CPU.ActiveCfg = Release|Any CPU
		{B85063E8-0175-4D7D-9BC3-D46FA0BC116D}.Release|Any CPU.Build.0 = Release|Any CPU
		{1E335EFE-D66D-44A9-B110-2AC5B98CFC1C}.Debug|Any CPU.ActiveCfg = Debug|Any CPU
		{1E335EFE-D66D-44A9-B110-2AC5B98CFC1C}.Debug|Any CPU.Build.0 = Debug|Any CPU
		{1E335EFE-D66D-44A9-B110-2AC5B98CFC1C}.Release|Any CPU.ActiveCfg = Release|Any CPU
		{1E335EFE-D66D-44A9-B110-2AC5B98CFC1C}.Release|Any CPU.Build.0 = Release|Any CPU
		{6FD6BCFF-E54C-438A-9FBE-1FCFA354F56E}.Debug|Any CPU.ActiveCfg = Debug|Any CPU
		{6FD6BCFF-E54C-438A-9FBE-1FCFA354F56E}.Debug|Any CPU.Build.0 = Debug|Any CPU
		{6FD6BCFF-E54C-438A-9FBE-1FCFA354F56E}.Release|Any CPU.ActiveCfg = Release|Any CPU
		{6FD6BCFF-E54C-438A-9FBE-1FCFA354F56E}.Release|Any CPU.Build.0 = Release|Any CPU
	EndGlobalSection
	GlobalSection(SolutionProperties) = preSolution
		HideSolutionNode = FALSE
	EndGlobalSection
	GlobalSection(ExtensibilityGlobals) = postSolution
		SolutionGuid = {F2B7DFD3-B213-44D0-B2C3-8CB80549E0FF}
	EndGlobalSection
EndGlobal
